# This file is automatically @generated by Cargo.
# It is not intended for manual editing.
version = 4

[[package]]
name = "atomic-waker"
version = "1.1.2"
source = "registry+https://github.com/rust-lang/crates.io-index"
checksum = "1505bd5d3d116872e7271a6d4e16d81d0c8570876c8de68093a09ac269d8aac0"

[[package]]
name = "awaiter-trait"
version = "0.2.8"
source = "registry+https://github.com/rust-lang/crates.io-index"
checksum = "76a2faaa1781413f3002fc3b6dfb0a9a89772c147c8e8b578d3a754d5e0b42ab"

[[package]]
name = "cc"
version = "1.2.53"
source = "registry+https://github.com/rust-lang/crates.io-index"
checksum = "755d2fce177175ffca841e9a06afdb2c4ab0f593d53b4dee48147dfaade85932"
dependencies = [
 "find-msvc-tools",
 "shlex",
]

[[package]]
name = "find-msvc-tools"
version = "0.1.8"
source = "registry+https://github.com/rust-lang/crates.io-index"
checksum = "8591b0bcc8a98a64310a2fae1bb3e9b8564dd10e381e6e28010fde8e8e8568db"

[[package]]
name = "minicoro-awaiters"
version = "0.1.0"
dependencies = [
 "atomic-waker",
 "awaiter-trait",
 "minicoroutine",
]

[[package]]
name = "minicoro-sys"
version = "0.8.1"
source = "registry+https://github.com/rust-lang/crates.io-index"
checksum = "5580eef42cf058ca688758127cc6727765e117027e4a61e52b2103ae962fe33b"
dependencies = [
 "cc",
]

[[package]]
name = "minicoroutine"
version = "0.1.3"
source = "registry+https://github.com/rust-lang/crates.io-index"
checksum = "2a251b2be73ae8a0ccd6244751043465c76b54d3eefdd12399bc4bf09d7af3fa"
dependencies = [
 "minicoro-sys",
]

[[package]]
name = "shlex"
version = "1.3.0"
source = "registry+https://github.com/rust-lang/crates.io-index"
checksum = "0fda2ff0d084019ba4d7c6f371c95d8fd75ce3524c3cb8fb653a3023f6323e64"
