# This file is automatically @generated by Cargo.
# It is not intended for manual editing.
version = 4

[[package]]
name = "atomic-waker"
version = "1.1.2"
source = "registry+https://github.com/rust-lang/crates.io-index"
checksum = "1505bd5d3d116872e7271a6d4e16d81d0c8570876c8de68093a09ac269d8aac0"

[[package]]
name = "awaiter-trait"
version = "0.2.7"
source = "registry+https://github.com/rust-lang/crates.io-index"
checksum = "174157b0b76c5c1a05ffe899b1b2a1058fd14a03fdba9151844fe8954d7466eb"

[[package]]
name = "cc"
version = "1.2.20"
source = "registry+https://github.com/rust-lang/crates.io-index"
checksum = "04da6a0d40b948dfc4fa8f5bbf402b0fc1a64a28dbf7d12ffd683550f2c1b63a"
dependencies = [
 "shlex",
]

[[package]]
name = "minicoro-awaiters"
version = "0.1.0"
dependencies = [
 "atomic-waker",
 "awaiter-trait",
 "minicoroutine",
]

[[package]]
name = "minicoro-sys"
version = "0.8.1"
source = "registry+https://github.com/rust-lang/crates.io-index"
checksum = "5580eef42cf058ca688758127cc6727765e117027e4a61e52b2103ae962fe33b"
dependencies = [
 "cc",
]

[[package]]
name = "minicoroutine"
version = "0.1.3"
source = "registry+https://github.com/rust-lang/crates.io-index"
checksum = "2a251b2be73ae8a0ccd6244751043465c76b54d3eefdd12399bc4bf09d7af3fa"
dependencies = [
 "minicoro-sys",
]

[[package]]
name = "shlex"
version = "1.3.0"
source = "registry+https://github.com/rust-lang/crates.io-index"
checksum = "0fda2ff0d084019ba4d7c6f371c95d8fd75ce3524c3cb8fb653a3023f6323e64"
